
Microsoft Visual Studio Solution File, Format Version 12.00
# Visual Studio Version 17
VisualStudioVersion = 17.7.34031.279
MinimumVisualStudioVersion = 10.0.40219.1
Project("{9A19103F-16F7-4668-BE54-9A1E7A4F7556}") = "Set1FP1", "Set1 FP\Set1FP1.csproj", "{A610B017-2A81-4063-BCCB-9898BE9B3681}"
EndProject
Project("{9A19103F-16F7-4668-BE54-9A1E7A4F7556}") = "Set1FP2", "Set1FP2\Set1FP2.csproj", "{0A24ED86-9805-4EEA-85A5-9307FEE89039}"
EndProject
Project("{9A19103F-16F7-4668-BE54-9A1E7A4F7556}") = "Set1FP3", "Set1FP3\Set1FP3.csproj", "{B1AC7597-2EC4-4F69-B9AD-647140DBD24A}"
EndProject
Project("{9A19103F-16F7-4668-BE54-9A1E7A4F7556}") = "Set1FP4", "Set1FP4\Set1FP4.csproj", "{02841174-34FF-4BEA-98B6-F00917C273C0}"
EndProject
Project("{9A19103F-16F7-4668-BE54-9A1E7A4F7556}") = "Set1FP5", "Set1FP5\Set1FP5.csproj", "{4C73D95D-47B0-4389-BDFB-67161DB6ACE9}"
EndProject
Project("{9A19103F-16F7-4668-BE54-9A1E7A4F7556}") = "Set1FP6", "Set1FP6\Set1FP6.csproj", "{B2910BBD-2457-484F-8E6A-1DDB06D2CEF5}"
EndProject
Project("{9A19103F-16F7-4668-BE54-9A1E7A4F7556}") = "Set1FP7", "Set1FP7\Set1FP7.csproj", "{7404D67B-F6E0-4759-B136-5B3F87582862}"
EndProject
Project("{9A19103F-16F7-4668-BE54-9A1E7A4F7556}") = "Set1FP8", "Set1FP8\Set1FP8.csproj", "{0D0B952B-5665-4ACE-A976-1F026BEE4648}"
EndProject
Project("{9A19103F-16F7-4668-BE54-9A1E7A4F7556}") = "Set1FP9", "Set1FP9\Set1FP9.csproj", "{C498C2F5-CB4A-419A-B154-DF3F1507AB4F}"
EndProject
Project("{9A19103F-16F7-4668-BE54-9A1E7A4F7556}") = "Set1FP10", "Set1FP10\Set1FP10.csproj", "{FAE9B39E-6FB4-439E-B6EC-AC966BA9187C}"
EndProject
Project("{9A19103F-16F7-4668-BE54-9A1E7A4F7556}") = "Set1FP11", "Set1FP11\Set1FP11.csproj", "{3AA55101-365B-4C29-A792-76FA41829AA4}"
EndProject
Project("{9A19103F-16F7-4668-BE54-9A1E7A4F7556}") = "Set1FP12", "Set1FP12\Set1FP12.csproj", "{C04AC9C9-DB01-4F5D-A93A-60C863346C2E}"
EndProject
Project("{9A19103F-16F7-4668-BE54-9A1E7A4F7556}") = "Set1FP13", "Set1FP13\Set1FP13.csproj", "{726EA349-FF5A-4FB4-B0D4-B8721F79910C}"
EndProject
Project("{9A19103F-16F7-4668-BE54-9A1E7A4F7556}") = "Set1FP14", "Set1FP14\Set1FP14.csproj", "{4A5A2AE2-532D-469E-A9C4-4D993EF4997A}"
EndProject
Project("{9A19103F-16F7-4668-BE54-9A1E7A4F7556}") = "Set1FP15", "Set1FP15\Set1FP15.csproj", "{67D157BE-AB64-4506-B1D8-2C4A85A1EFD9}"
EndProject
Project("{9A19103F-16F7-4668-BE54-9A1E7A4F7556}") = "Set1FP16", "Set1FP16\Set1FP16.csproj", "{726317F5-5FB5-49D5-9550-ADB4A954AC5C}"
EndProject
Project("{9A19103F-16F7-4668-BE54-9A1E7A4F7556}") = "Set1FP19", "Set1FP18\Set1FP19.csproj", "{6066F1A5-0788-4C17-AD4D-4A49D8C69004}"
EndProject
Project("{9A19103F-16F7-4668-BE54-9A1E7A4F7556}") = "Set1FP17", "Set1FP17\Set1FP17.csproj", "{4FBB02AF-0C7B-4827-BA4D-A17A4E849B7D}"
EndProject
Project("{9A19103F-16F7-4668-BE54-9A1E7A4F7556}") = "Set1FP20", "Set1FP20\Set1FP20.csproj", "{253B2094-8D91-4A9D-A5AD-38B7D4FF56A8}"
EndProject
Project("{FAE04EC0-301F-11D3-BF4B-00C04F79EFBC}") = "Set1FP18Bun", "Set1FP18Bun\Set1FP18Bun.csproj", "{9F3439BD-6AB7-4327-82CD-6AC788340BE7}"
EndProject
Project("{FAE04EC0-301F-11D3-BF4B-00C04F79EFBC}") = "Set1FP21Bun", "Set1FP21Bun\Set1FP21Bun.csproj", "{36895509-2213-4D55-9902-4C2635E20424}"
EndProject
Global
	GlobalSection(SolutionConfigurationPlatforms) = preSolution
		Debug|Any CPU = Debug|Any CPU
		Release|Any CPU = Release|Any CPU
	EndGlobalSection
	GlobalSection(ProjectConfigurationPlatforms) = postSolution
		{A610B017-2A81-4063-BCCB-9898BE9B3681}.Debug|Any CPU.ActiveCfg = Debug|Any CPU
		{A610B017-2A81-4063-BCCB-9898BE9B3681}.Debug|Any CPU.Build.0 = Debug|Any CPU
		{A610B017-2A81-4063-BCCB-9898BE9B3681}.Release|Any CPU.ActiveCfg = Release|Any CPU
		{A610B017-2A81-4063-BCCB-9898BE9B3681}.Release|Any CPU.Build.0 = Release|Any CPU
		{0A24ED86-9805-4EEA-85A5-9307FEE89039}.Debug|Any CPU.ActiveCfg = Debug|Any CPU
		{0A24ED86-9805-4EEA-85A5-9307FEE89039}.Debug|Any CPU.Build.0 = Debug|Any CPU
		{0A24ED86-9805-4EEA-85A5-9307FEE89039}.Release|Any CPU.ActiveCfg = Release|Any CPU
		{0A24ED86-9805-4EEA-85A5-9307FEE89039}.Release|Any CPU.Build.0 = Release|Any CPU
		{B1AC7597-2EC4-4F69-B9AD-647140DBD24A}.Debug|Any CPU.ActiveCfg = Debug|Any CPU
		{B1AC7597-2EC4-4F69-B9AD-647140DBD24A}.Debug|Any CPU.Build.0 = Debug|Any CPU
		{B1AC7597-2EC4-4F69-B9AD-647140DBD24A}.Release|Any CPU.ActiveCfg = Release|Any CPU
		{B1AC7597-2EC4-4F69-B9AD-647140DBD24A}.Release|Any CPU.Build.0 = Release|Any CPU
		{02841174-34FF-4BEA-98B6-F00917C273C0}.Debug|Any CPU.ActiveCfg = Debug|Any CPU
		{02841174-34FF-4BEA-98B6-F00917C273C0}.Debug|Any CPU.Build.0 = Debug|Any CPU
		{02841174-34FF-4BEA-98B6-F00917C273C0}.Release|Any CPU.ActiveCfg = Release|Any CPU
		{02841174-34FF-4BEA-98B6-F00917C273C0}.Release|Any CPU.Build.0 = Release|Any CPU
		{4C73D95D-47B0-4389-BDFB-67161DB6ACE9}.Debug|Any CPU.ActiveCfg = Debug|Any CPU
		{4C73D95D-47B0-4389-BDFB-67161DB6ACE9}.Debug|Any CPU.Build.0 = Debug|Any CPU
		{4C73D95D-47B0-4389-BDFB-67161DB6ACE9}.Release|Any CPU.ActiveCfg = Release|Any CPU
		{4C73D95D-47B0-4389-BDFB-67161DB6ACE9}.Release|Any CPU.Build.0 = Release|Any CPU
		{B2910BBD-2457-484F-8E6A-1DDB06D2CEF5}.Debug|Any CPU.ActiveCfg = Debug|Any CPU
		{B2910BBD-2457-484F-8E6A-1DDB06D2CEF5}.Debug|Any CPU.Build.0 = Debug|Any CPU
		{B2910BBD-2457-484F-8E6A-1DDB06D2CEF5}.Release|Any CPU.ActiveCfg = Release|Any CPU
		{B2910BBD-2457-484F-8E6A-1DDB06D2CEF5}.Release|Any CPU.Build.0 = Release|Any CPU
		{7404D67B-F6E0-4759-B136-5B3F87582862}.Debug|Any CPU.ActiveCfg = Debug|Any CPU
		{7404D67B-F6E0-4759-B136-5B3F87582862}.Debug|Any CPU.Build.0 = Debug|Any CPU
		{7404D67B-F6E0-4759-B136-5B3F87582862}.Release|Any CPU.ActiveCfg = Release|Any CPU
		{7404D67B-F6E0-4759-B136-5B3F87582862}.Release|Any CPU.Build.0 = Release|Any CPU
		{0D0B952B-5665-4ACE-A976-1F026BEE4648}.Debug|Any CPU.ActiveCfg = Debug|Any CPU
		{0D0B952B-5665-4ACE-A976-1F026BEE4648}.Debug|Any CPU.Build.0 = Debug|Any CPU
		{0D0B952B-5665-4ACE-A976-1F026BEE4648}.Release|Any CPU.ActiveCfg = Release|Any CPU
		{0D0B952B-5665-4ACE-A976-1F026BEE4648}.Release|Any CPU.Build.0 = Release|Any CPU
		{C498C2F5-CB4A-419A-B154-DF3F1507AB4F}.Debug|Any CPU.ActiveCfg = Debug|Any CPU
		{C498C2F5-CB4A-419A-B154-DF3F1507AB4F}.Debug|Any CPU.Build.0 = Debug|Any CPU
		{C498C2F5-CB4A-419A-B154-DF3F1507AB4F}.Release|Any CPU.ActiveCfg = Release|Any CPU
		{C498C2F5-CB4A-419A-B154-DF3F1507AB4F}.Release|Any CPU.Build.0 = Release|Any CPU
		{FAE9B39E-6FB4-439E-B6EC-AC966BA9187C}.Debug|Any CPU.ActiveCfg = Debug|Any CPU
		{FAE9B39E-6FB4-439E-B6EC-AC966BA9187C}.Debug|Any CPU.Build.0 = Debug|Any CPU
		{FAE9B39E-6FB4-439E-B6EC-AC966BA9187C}.Release|Any CPU.ActiveCfg = Release|Any CPU
		{FAE9B39E-6FB4-439E-B6EC-AC966BA9187C}.Release|Any CPU.Build.0 = Release|Any CPU
		{3AA55101-365B-4C29-A792-76FA41829AA4}.Debug|Any CPU.ActiveCfg = Debug|Any CPU
		{3AA55101-365B-4C29-A792-76FA41829AA4}.Debug|Any CPU.Build.0 = Debug|Any CPU
		{3AA55101-365B-4C29-A792-76FA41829AA4}.Release|Any CPU.ActiveCfg = Release|Any CPU
		{3AA55101-365B-4C29-A792-76FA41829AA4}.Release|Any CPU.Build.0 = Release|Any CPU
		{C04AC9C9-DB01-4F5D-A93A-60C863346C2E}.Debug|Any CPU.ActiveCfg = Debug|Any CPU
		{C04AC9C9-DB01-4F5D-A93A-60C863346C2E}.Debug|Any CPU.Build.0 = Debug|Any CPU
		{C04AC9C9-DB01-4F5D-A93A-60C863346C2E}.Release|Any CPU.ActiveCfg = Release|Any CPU
		{C04AC9C9-DB01-4F5D-A93A-60C863346C2E}.Release|Any CPU.Build.0 = Release|Any CPU
		{726EA349-FF5A-4FB4-B0D4-B8721F79910C}.Debug|Any CPU.ActiveCfg = Debug|Any CPU
		{726EA349-FF5A-4FB4-B0D4-B8721F79910C}.Debug|Any CPU.Build.0 = Debug|Any CPU
		{726EA349-FF5A-4FB4-B0D4-B8721F79910C}.Release|Any CPU.ActiveCfg = Release|Any CPU
		{726EA349-FF5A-4FB4-B0D4-B8721F79910C}.Release|Any CPU.Build.0 = Release|Any CPU
		{4A5A2AE2-532D-469E-A9C4-4D993EF4997A}.Debug|Any CPU.ActiveCfg = Debug|Any CPU
		{4A5A2AE2-532D-469E-A9C4-4D993EF4997A}.Debug|Any CPU.Build.0 = Debug|Any CPU
		{4A5A2AE2-532D-469E-A9C4-4D993EF4997A}.Release|Any CPU.ActiveCfg = Release|Any CPU
		{4A5A2AE2-532D-469E-A9C4-4D993EF4997A}.Release|Any CPU.Build.0 = Release|Any CPU
		{67D157BE-AB64-4506-B1D8-2C4A85A1EFD9}.Debug|Any CPU.ActiveCfg = Debug|Any CPU
		{67D157BE-AB64-4506-B1D8-2C4A85A1EFD9}.Debug|Any CPU.Build.0 = Debug|Any CPU
		{67D157BE-AB64-4506-B1D8-2C4A85A1EFD9}.Release|Any CPU.ActiveCfg = Release|Any CPU
		{67D157BE-AB64-4506-B1D8-2C4A85A1EFD9}.Release|Any CPU.Build.0 = Release|Any CPU
		{726317F5-5FB5-49D5-9550-ADB4A954AC5C}.Debug|Any CPU.ActiveCfg = Debug|Any CPU
		{726317F5-5FB5-49D5-9550-ADB4A954AC5C}.Debug|Any CPU.Build.0 = Debug|Any CPU
		{726317F5-5FB5-49D5-9550-ADB4A954AC5C}.Release|Any CPU.ActiveCfg = Release|Any CPU
		{726317F5-5FB5-49D5-9550-ADB4A954AC5C}.Release|Any CPU.Build.0 = Release|Any CPU
		{6066F1A5-0788-4C17-AD4D-4A49D8C69004}.Debug|Any CPU.ActiveCfg = Debug|Any CPU
		{6066F1A5-0788-4C17-AD4D-4A49D8C69004}.Debug|Any CPU.Build.0 = Debug|Any CPU
		{6066F1A5-0788-4C17-AD4D-4A49D8C69004}.Release|Any CPU.ActiveCfg = Release|Any CPU
		{6066F1A5-0788-4C17-AD4D-4A49D8C69004}.Release|Any CPU.Build.0 = Release|Any CPU
		{4FBB02AF-0C7B-4827-BA4D-A17A4E849B7D}.Debug|Any CPU.ActiveCfg = Debug|Any CPU
		{4FBB02AF-0C7B-4827-BA4D-A17A4E849B7D}.Debug|Any CPU.Build.0 = Debug|Any CPU
		{4FBB02AF-0C7B-4827-BA4D-A17A4E849B7D}.Release|Any CPU.ActiveCfg = Release|Any CPU
		{4FBB02AF-0C7B-4827-BA4D-A17A4E849B7D}.Release|Any CPU.Build.0 = Release|Any CPU
		{253B2094-8D91-4A9D-A5AD-38B7D4FF56A8}.Debug|Any CPU.ActiveCfg = Debug|Any CPU
		{253B2094-8D91-4A9D-A5AD-38B7D4FF56A8}.Debug|Any CPU.Build.0 = Debug|Any CPU
		{253B2094-8D91-4A9D-A5AD-38B7D4FF56A8}.Release|Any CPU.ActiveCfg = Release|Any CPU
		{253B2094-8D91-4A9D-A5AD-38B7D4FF56A8}.Release|Any CPU.Build.0 = Release|Any CPU
		{9F3439BD-6AB7-4327-82CD-6AC788340BE7}.Debug|Any CPU.ActiveCfg = Debug|Any CPU
		{9F3439BD-6AB7-4327-82CD-6AC788340BE7}.Debug|Any CPU.Build.0 = Debug|Any CPU
		{9F3439BD-6AB7-4327-82CD-6AC788340BE7}.Release|Any CPU.ActiveCfg = Release|Any CPU
		{9F3439BD-6AB7-4327-82CD-6AC788340BE7}.Release|Any CPU.Build.0 = Release|Any CPU
		{36895509-2213-4D55-9902-4C2635E20424}.Debug|Any CPU.ActiveCfg = Debug|Any CPU
		{36895509-2213-4D55-9902-4C2635E20424}.Debug|Any CPU.Build.0 = Debug|Any CPU
		{36895509-2213-4D55-9902-4C2635E20424}.Release|Any CPU.ActiveCfg = Release|Any CPU
		{36895509-2213-4D55-9902-4C2635E20424}.Release|Any CPU.Build.0 = Release|Any CPU
	EndGlobalSection
	GlobalSection(SolutionProperties) = preSolution
		HideSolutionNode = FALSE
	EndGlobalSection
	GlobalSection(ExtensibilityGlobals) = postSolution
		SolutionGuid = {549FD3C8-2A7A-4CE9-82D9-F968361196E9}
	EndGlobalSection
EndGlobal
